
Microsoft Visual Studio Solution File, Format Version 12.00
# Visual Studio Version 16
VisualStudioVersion = 16.0.29424.173
MinimumVisualStudioVersion = 10.0.40219.1
Project("{FAE04EC0-301F-11D3-BF4B-00C04F79EFBC}") = "RealTimeChat", "RealTimeChat\RealTimeChat.csproj", "{C9D3B063-14B6-42A5-927E-598D59ED373A}"
EndProject
Project("{FAE04EC0-301F-11D3-BF4B-00C04F79EFBC}") = "WS.RealTime.Api", "WS.RealTime.Api\WS.RealTime.Api.csproj", "{9A13F091-D123-4EA0-A4B9-71B0072AA93F}"
EndProject
Project("{FAE04EC0-301F-11D3-BF4B-00C04F79EFBC}") = "DB.Core", "DB.Core\DB.Core.csproj", "{7665BEB7-AF2D-4A1A-85FB-AE7F718F315E}"
EndProject
Project("{FAE04EC0-301F-11D3-BF4B-00C04F79EFBC}") = "Common", "Common\Common.csproj", "{CF746532-B0A5-47D8-B382-061938DE99D5}"
EndProject
Global
	GlobalSection(SolutionConfigurationPlatforms) = preSolution
		Debug|Any CPU = Debug|Any CPU
		Release|Any CPU = Release|Any CPU
	EndGlobalSection
	GlobalSection(SolutionProperties) = preSolution
		HideSolutionNode = FALSE
	EndGlobalSection
	GlobalSection(ExtensibilityGlobals) = postSolution
		SolutionGuid = {BBF79754-6F59-4899-ACA2-FC78F719F895}
	EndGlobalSection
	GlobalSection(ProjectConfigurationPlatforms) = postSolution
		{C9D3B063-14B6-42A5-927E-598D59ED373A}.Debug|Any CPU.ActiveCfg = Debug|Any CPU
		{C9D3B063-14B6-42A5-927E-598D59ED373A}.Debug|Any CPU.Build.0 = Debug|Any CPU
		{C9D3B063-14B6-42A5-927E-598D59ED373A}.Release|Any CPU.ActiveCfg = Release|Any CPU
		{C9D3B063-14B6-42A5-927E-598D59ED373A}.Release|Any CPU.Build.0 = Release|Any CPU
		{9A13F091-D123-4EA0-A4B9-71B0072AA93F}.Debug|Any CPU.ActiveCfg = Debug|Any CPU
		{9A13F091-D123-4EA0-A4B9-71B0072AA93F}.Debug|Any CPU.Build.0 = Debug|Any CPU
		{9A13F091-D123-4EA0-A4B9-71B0072AA93F}.Release|Any CPU.ActiveCfg = Release|Any CPU
		{9A13F091-D123-4EA0-A4B9-71B0072AA93F}.Release|Any CPU.Build.0 = Release|Any CPU
		{7665BEB7-AF2D-4A1A-85FB-AE7F718F315E}.Debug|Any CPU.ActiveCfg = Debug|Any CPU
		{7665BEB7-AF2D-4A1A-85FB-AE7F718F315E}.Debug|Any CPU.Build.0 = Debug|Any CPU
		{7665BEB7-AF2D-4A1A-85FB-AE7F718F315E}.Release|Any CPU.ActiveCfg = Release|Any CPU
		{7665BEB7-AF2D-4A1A-85FB-AE7F718F315E}.Release|Any CPU.Build.0 = Release|Any CPU
		{CF746532-B0A5-47D8-B382-061938DE99D5}.Debug|Any CPU.ActiveCfg = Debug|Any CPU
		{CF746532-B0A5-47D8-B382-061938DE99D5}.Debug|Any CPU.Build.0 = Debug|Any CPU
		{CF746532-B0A5-47D8-B382-061938DE99D5}.Release|Any CPU.ActiveCfg = Release|Any CPU
		{CF746532-B0A5-47D8-B382-061938DE99D5}.Release|Any CPU.Build.0 = Release|Any CPU
	EndGlobalSection
EndGlobal
